# This file is automatically @generated by Cargo.
# It is not intended for manual editing.
version = 3

[[package]]
name = "nim-link-fs-guest"
version = "0.0.0"
dependencies = [
 "temen-encode",
 "temen-leng",
]

[[package]]
name = "temen-encode"
version = "0.0.0"
dependencies = [
 "temen-ir",
]

[[package]]
name = "temen-ir"
version = "0.0.0"

[[package]]
name = "temen-leng"
version = "0.0.0"
dependencies = [
 "temen-encode",
 "temen-ir",
 "temen-text",
]

[[package]]
name = "temen-text"
version = "0.0.0"
dependencies = [
 "temen-ir",
]
